
Microsoft Visual Studio Solution File, Format Version 12.00
# Visual Studio Version 17
VisualStudioVersion = 17.14.36511.14 d17.14
MinimumVisualStudioVersion = 10.0.40219.1
Project("{8BC9CEB8-8B4A-11D0-8D11-00A0C91BC942}") = "Lab6.3.1", "Lab6.3.1\Lab6.3.1.vcxproj", "{0E18C049-F7A1-42AC-AF1E-AAE5733B3431}"
EndProject
Project("{8BC9CEB8-8B4A-11D0-8D11-00A0C91BC942}") = "UnitTest6.3.1", "UnitTest6.3.1\UnitTest6.3.1.vcxproj", "{B3C19CC1-8A52-19DB-09B5-76341A7A560D}"
EndProject
Global
	GlobalSection(SolutionConfigurationPlatforms) = preSolution
		Debug|ARM64 = Debug|ARM64
		Debug|x64 = Debug|x64
		Debug|x86 = Debug|x86
		Release|ARM64 = Release|ARM64
		Release|x64 = Release|x64
		Release|x86 = Release|x86
	EndGlobalSection
	GlobalSection(ProjectConfigurationPlatforms) = postSolution
		{0E18C049-F7A1-42AC-AF1E-AAE5733B3431}.Debug|ARM64.ActiveCfg = Debug|ARM64
		{0E18C049-F7A1-42AC-AF1E-AAE5733B3431}.Debug|ARM64.Build.0 = Debug|ARM64
		{0E18C049-F7A1-42AC-AF1E-AAE5733B3431}.Debug|x64.ActiveCfg = Debug|x64
		{0E18C049-F7A1-42AC-AF1E-AAE5733B3431}.Debug|x64.Build.0 = Debug|x64
		{0E18C049-F7A1-42AC-AF1E-AAE5733B3431}.Debug|x86.ActiveCfg = Debug|Win32
		{0E18C049-F7A1-42AC-AF1E-AAE5733B3431}.Debug|x86.Build.0 = Debug|Win32
		{0E18C049-F7A1-42AC-AF1E-AAE5733B3431}.Release|ARM64.ActiveCfg = Release|ARM64
		{0E18C049-F7A1-42AC-AF1E-AAE5733B3431}.Release|ARM64.Build.0 = Release|ARM64
		{0E18C049-F7A1-42AC-AF1E-AAE5733B3431}.Release|x64.ActiveCfg = Release|x64
		{0E18C049-F7A1-42AC-AF1E-AAE5733B3431}.Release|x64.Build.0 = Release|x64
		{0E18C049-F7A1-42AC-AF1E-AAE5733B3431}.Release|x86.ActiveCfg = Release|Win32
		{0E18C049-F7A1-42AC-AF1E-AAE5733B3431}.Release|x86.Build.0 = Release|Win32
		{B3C19CC1-8A52-19DB-09B5-76341A7A560D}.Debug|ARM64.ActiveCfg = Debug|ARM64
		{B3C19CC1-8A52-19DB-09B5-76341A7A560D}.Debug|ARM64.Build.0 = Debug|ARM64
		{B3C19CC1-8A52-19DB-09B5-76341A7A560D}.Debug|x64.ActiveCfg = Debug|x64
		{B3C19CC1-8A52-19DB-09B5-76341A7A560D}.Debug|x64.Build.0 = Debug|x64
		{B3C19CC1-8A52-19DB-09B5-76341A7A560D}.Debug|x86.ActiveCfg = Debug|Win32
		{B3C19CC1-8A52-19DB-09B5-76341A7A560D}.Debug|x86.Build.0 = Debug|Win32
		{B3C19CC1-8A52-19DB-09B5-76341A7A560D}.Release|ARM64.ActiveCfg = Release|ARM64
		{B3C19CC1-8A52-19DB-09B5-76341A7A560D}.Release|ARM64.Build.0 = Release|ARM64
		{B3C19CC1-8A52-19DB-09B5-76341A7A560D}.Release|x64.ActiveCfg = Release|x64
		{B3C19CC1-8A52-19DB-09B5-76341A7A560D}.Release|x64.Build.0 = Release|x64
		{B3C19CC1-8A52-19DB-09B5-76341A7A560D}.Release|x86.ActiveCfg = Release|Win32
		{B3C19CC1-8A52-19DB-09B5-76341A7A560D}.Release|x86.Build.0 = Release|Win32
	EndGlobalSection
	GlobalSection(SolutionProperties) = preSolution
		HideSolutionNode = FALSE
	EndGlobalSection
	GlobalSection(ExtensibilityGlobals) = postSolution
		SolutionGuid = {D9FB3276-D21D-4073-B221-8F5C15398F8B}
	EndGlobalSection
EndGlobal
